
Microsoft Visual Studio Solution File, Format Version 12.00
# Visual Studio Version 16
VisualStudioVersion = 16.0.31112.23
MinimumVisualStudioVersion = 10.0.40219.1
Project("{9A19103F-16F7-4668-BE54-9A1E7A4F7556}") = "Yolov5Net.Scorer", "src\Yolov5Net.Scorer\Yolov5Net.Scorer.csproj", "{C71C1BC9-0B97-4244-83E0-3EB2F4766EA5}"
EndProject
Project("{FAE04EC0-301F-11D3-BF4B-00C04F79EFBC}") = "Yolov5Net", "src\Yolov5Net\Yolov5Net.csproj", "{D4837DC3-89D1-44B4-84CC-E67000A1FC88}"
EndProject
Global
	GlobalSection(SolutionConfigurationPlatforms) = preSolution
		Debug|Any CPU = Debug|Any CPU
		Release|Any CPU = Release|Any CPU
	EndGlobalSection
	GlobalSection(ProjectConfigurationPlatforms) = postSolution
		{C71C1BC9-0B97-4244-83E0-3EB2F4766EA5}.Debug|Any CPU.ActiveCfg = Debug|Any CPU
		{C71C1BC9-0B97-4244-83E0-3EB2F4766EA5}.Debug|Any CPU.Build.0 = Debug|Any CPU
		{C71C1BC9-0B97-4244-83E0-3EB2F4766EA5}.Release|Any CPU.ActiveCfg = Release|Any CPU
		{C71C1BC9-0B97-4244-83E0-3EB2F4766EA5}.Release|Any CPU.Build.0 = Release|Any CPU
		{D4837DC3-89D1-44B4-84CC-E67000A1FC88}.Debug|Any CPU.ActiveCfg = Debug|Any CPU
		{D4837DC3-89D1-44B4-84CC-E67000A1FC88}.Debug|Any CPU.Build.0 = Debug|Any CPU
		{D4837DC3-89D1-44B4-84CC-E67000A1FC88}.Release|Any CPU.ActiveCfg = Release|Any CPU
		{D4837DC3-89D1-44B4-84CC-E67000A1FC88}.Release|Any CPU.Build.0 = Release|Any CPU
	EndGlobalSection
	GlobalSection(SolutionProperties) = preSolution
		HideSolutionNode = FALSE
	EndGlobalSection
	GlobalSection(ExtensibilityGlobals) = postSolution
		SolutionGuid = {2B4454E5-ECCA-496F-9E93-B0A6A91BA11E}
	EndGlobalSection
EndGlobal
